{
  "name": "snapcon",
  "lockfileVersion": 2,
  "requires": true,
  "packages": {
    "": {
      "dependencies": {
        "@types/jquery": "^3.2.7",
        "fullcalendar": "^6.1.4",
        "fullcalendar-scheduler": "^5.6.0"
      }
    },
    "node_modules/@fullcalendar/core": {
      "version": "6.1.4",
      "resolved": "https://registry.npmjs.org/@fullcalendar/core/-/core-6.1.4.tgz",
      "integrity": "sha512-ZDD0Owv0LezAk14nsRNaOc9nbowItGmT0mnjOhEw+L6B8P5eads8yYaNA9itn70MWoOjiAG8xqD7Yk1iJGxqgQ==",
      "dependencies": {
        "preact": "^10.0.5"
      }
    },
    "node_modules/@fullcalendar/daygrid": {
      "version": "6.1.4",
      "resolved": "https://registry.npmjs.org/@fullcalendar/daygrid/-/daygrid-6.1.4.tgz",
      "integrity": "sha512-X0QWEiA/hT8GYiQzmXt9DlZTWaQbNtBHBXGtaMNcVXbGHDCzLoWTHrde/jABGfr/i2+d9sLUO4oTtwz2HVpNtQ==",
      "peerDependencies": {
        "@fullcalendar/core": "~6.1.4"
      }
    },
    "node_modules/@fullcalendar/interaction": {
      "version": "6.1.4",
      "resolved": "https://registry.npmjs.org/@fullcalendar/interaction/-/interaction-6.1.4.tgz",
      "integrity": "sha512-69G2B61bPiHy7VyTDiwU9l8yRHPUK9XxNxjIdm3N0nvWR6BaUIBDQe8dIWht+IZUf9qirFhnfcLWkRI0fOTWtw==",
      "peerDependencies": {
        "@fullcalendar/core": "~6.1.4"
      }
    },
    "node_modules/@fullcalendar/list": {
      "version": "6.1.4",
      "resolved": "https://registry.npmjs.org/@fullcalendar/list/-/list-6.1.4.tgz",
      "integrity": "sha512-RY2fE9J7ckzhKtvHOWhlI2FnVEBC4Z9ZlgRBE2nQekX2+THt+3KnZtOQxuYGnGi30NBKx794YsXeIc6/Lnl0Ww==",
      "peerDependencies": {
        "@fullcalendar/core": "~6.1.4"
      }
    },
    "node_modules/@fullcalendar/multimonth": {
      "version": "6.1.4",
      "resolved": "https://registry.npmjs.org/@fullcalendar/multimonth/-/multimonth-6.1.4.tgz",
      "integrity": "sha512-bljwyIER4APKTpKF/M8u0BkMDbYDKVkSszCSg1VIX9uVTPpAbzlStqiMAwT+zoOPvoQ8Hsn+yuCFFKKbfUwAFw==",
      "dependencies": {
        "@fullcalendar/daygrid": "~6.1.4"
      },
      "peerDependencies": {
        "@fullcalendar/core": "~6.1.4"
      }
    },
    "node_modules/@fullcalendar/timegrid": {
      "version": "6.1.4",
      "resolved": "https://registry.npmjs.org/@fullcalendar/timegrid/-/timegrid-6.1.4.tgz",
      "integrity": "sha512-B2/levLKW0CyDQru75JeuASpCZml5W8sINCwVTstxxhjKmNBG3F5qvSX12DDrTdga/ySYObNNP1pKDwavKk/JQ==",
      "dependencies": {
        "@fullcalendar/daygrid": "~6.1.4"
      },
      "peerDependencies": {
        "@fullcalendar/core": "~6.1.4"
      }
    },
    "node_modules/@types/jquery": {
      "version": "3.5.16",
      "resolved": "https://registry.npmjs.org/@types/jquery/-/jquery-3.5.16.tgz",
      "integrity": "sha512-bsI7y4ZgeMkmpG9OM710RRzDFp+w4P1RGiIt30C1mSBT+ExCleeh4HObwgArnDFELmRrOpXgSYN9VF1hj+f1lw==",
      "dependencies": {
        "@types/sizzle": "*"
      }
    },
    "node_modules/@types/sizzle": {
      "version": "2.3.3",
      "resolved": "https://registry.npmjs.org/@types/sizzle/-/sizzle-2.3.3.tgz",
      "integrity": "sha512-JYM8x9EGF163bEyhdJBpR2QX1R5naCJHC8ucJylJ3w9/CVBaskdQ8WqBf8MmQrd1kRvp/a4TS8HJ+bxzR7ZJYQ=="
    },
    "node_modules/fullcalendar": {
      "version": "6.1.4",
      "resolved": "https://registry.npmjs.org/fullcalendar/-/fullcalendar-6.1.4.tgz",
      "integrity": "sha512-XAgWTauifC8HKkbN8574wEWwWCgzcgMfjkxyvK1V5D0Q/HKldZlYuvOSrI0JKkzIXtufurx9IN+QljVQkAvg+A==",
      "dependencies": {
        "@fullcalendar/core": "~6.1.4",
        "@fullcalendar/daygrid": "~6.1.4",
        "@fullcalendar/interaction": "~6.1.4",
        "@fullcalendar/list": "~6.1.4",
        "@fullcalendar/multimonth": "~6.1.4",
        "@fullcalendar/timegrid": "~6.1.4"
      }
    },
    "node_modules/fullcalendar-scheduler": {
      "version": "5.6.0",
      "resolved": "https://registry.npmjs.org/fullcalendar-scheduler/-/fullcalendar-scheduler-5.6.0.tgz",
      "integrity": "sha512-0jx/Q+6QqzvIGWU/52OE27UVjVAiM9E0o/qRwRcEhyuKlL54ypTF/yXP/wo0ctUtui5dDsilGNsSsba1xmARJA=="
    },
    "node_modules/preact": {
      "version": "10.13.0",
      "resolved": "https://registry.npmjs.org/preact/-/preact-10.13.0.tgz",
      "integrity": "sha512-ERdIdUpR6doqdaSIh80hvzebHB7O6JxycOhyzAeLEchqOq/4yueslQbfnPwXaNhAYacFTyCclhwkEbOumT0tHw==",
      "funding": {
        "type": "opencollective",
        "url": "https://opencollective.com/preact"
      }
    }
  },
  "dependencies": {
    "@fullcalendar/core": {
      "version": "6.1.4",
      "resolved": "https://registry.npmjs.org/@fullcalendar/core/-/core-6.1.4.tgz",
      "integrity": "sha512-ZDD0Owv0LezAk14nsRNaOc9nbowItGmT0mnjOhEw+L6B8P5eads8yYaNA9itn70MWoOjiAG8xqD7Yk1iJGxqgQ==",
      "requires": {
        "preact": "^10.0.5"
      }
    },
    "@fullcalendar/daygrid": {
      "version": "6.1.4",
      "resolved": "https://registry.npmjs.org/@fullcalendar/daygrid/-/daygrid-6.1.4.tgz",
      "integrity": "sha512-X0QWEiA/hT8GYiQzmXt9DlZTWaQbNtBHBXGtaMNcVXbGHDCzLoWTHrde/jABGfr/i2+d9sLUO4oTtwz2HVpNtQ==",
      "requires": {}
    },
    "@fullcalendar/interaction": {
      "version": "6.1.4",
      "resolved": "https://registry.npmjs.org/@fullcalendar/interaction/-/interaction-6.1.4.tgz",
      "integrity": "sha512-69G2B61bPiHy7VyTDiwU9l8yRHPUK9XxNxjIdm3N0nvWR6BaUIBDQe8dIWht+IZUf9qirFhnfcLWkRI0fOTWtw==",
      "requires": {}
    },
    "@fullcalendar/list": {
      "version": "6.1.4",
      "resolved": "https://registry.npmjs.org/@fullcalendar/list/-/list-6.1.4.tgz",
      "integrity": "sha512-RY2fE9J7ckzhKtvHOWhlI2FnVEBC4Z9ZlgRBE2nQekX2+THt+3KnZtOQxuYGnGi30NBKx794YsXeIc6/Lnl0Ww==",
      "requires": {}
    },
    "@fullcalendar/multimonth": {
      "version": "6.1.4",
      "resolved": "https://registry.npmjs.org/@fullcalendar/multimonth/-/multimonth-6.1.4.tgz",
      "integrity": "sha512-bljwyIER4APKTpKF/M8u0BkMDbYDKVkSszCSg1VIX9uVTPpAbzlStqiMAwT+zoOPvoQ8Hsn+yuCFFKKbfUwAFw==",
      "requires": {
        "@fullcalendar/daygrid": "~6.1.4"
      }
    },
    "@fullcalendar/timegrid": {
      "version": "6.1.4",
      "resolved": "https://registry.npmjs.org/@fullcalendar/timegrid/-/timegrid-6.1.4.tgz",
      "integrity": "sha512-B2/levLKW0CyDQru75JeuASpCZml5W8sINCwVTstxxhjKmNBG3F5qvSX12DDrTdga/ySYObNNP1pKDwavKk/JQ==",
      "requires": {
        "@fullcalendar/daygrid": "~6.1.4"
      }
    },
    "@types/jquery": {
      "version": "3.5.16",
      "resolved": "https://registry.npmjs.org/@types/jquery/-/jquery-3.5.16.tgz",
      "integrity": "sha512-bsI7y4ZgeMkmpG9OM710RRzDFp+w4P1RGiIt30C1mSBT+ExCleeh4HObwgArnDFELmRrOpXgSYN9VF1hj+f1lw==",
      "requires": {
        "@types/sizzle": "*"
      }
    },
    "@types/sizzle": {
      "version": "2.3.3",
      "resolved": "https://registry.npmjs.org/@types/sizzle/-/sizzle-2.3.3.tgz",
      "integrity": "sha512-JYM8x9EGF163bEyhdJBpR2QX1R5naCJHC8ucJylJ3w9/CVBaskdQ8WqBf8MmQrd1kRvp/a4TS8HJ+bxzR7ZJYQ=="
    },
    "fullcalendar": {
      "version": "6.1.4",
      "resolved": "https://registry.npmjs.org/fullcalendar/-/fullcalendar-6.1.4.tgz",
      "integrity": "sha512-XAgWTauifC8HKkbN8574wEWwWCgzcgMfjkxyvK1V5D0Q/HKldZlYuvOSrI0JKkzIXtufurx9IN+QljVQkAvg+A==",
      "requires": {
        "@fullcalendar/core": "~6.1.4",
        "@fullcalendar/daygrid": "~6.1.4",
        "@fullcalendar/interaction": "~6.1.4",
        "@fullcalendar/list": "~6.1.4",
        "@fullcalendar/multimonth": "~6.1.4",
        "@fullcalendar/timegrid": "~6.1.4"
      }
    },
    "fullcalendar-scheduler": {
      "version": "5.6.0",
      "resolved": "https://registry.npmjs.org/fullcalendar-scheduler/-/fullcalendar-scheduler-5.6.0.tgz",
      "integrity": "sha512-0jx/Q+6QqzvIGWU/52OE27UVjVAiM9E0o/qRwRcEhyuKlL54ypTF/yXP/wo0ctUtui5dDsilGNsSsba1xmARJA=="
    },
    "preact": {
      "version": "10.13.0",
      "resolved": "https://registry.npmjs.org/preact/-/preact-10.13.0.tgz",
      "integrity": "sha512-ERdIdUpR6doqdaSIh80hvzebHB7O6JxycOhyzAeLEchqOq/4yueslQbfnPwXaNhAYacFTyCclhwkEbOumT0tHw=="
    }
  }
}
